
Microsoft Visual Studio Solution File, Format Version 12.00
# Visual Studio Version 17
VisualStudioVersion = 17.1.32414.318
MinimumVisualStudioVersion = 10.0.40219.1
Project("{FAE04EC0-301F-11D3-BF4B-00C04F79EFBC}") = "MongoDB-In-DotnetCoreAPI", "MongoDB-In-DotnetCoreAPI\MongoDB-In-DotnetCoreAPI.csproj", "{776842A7-04D5-432F-A6C6-DA3156689CCC}"
EndProject
Global
	GlobalSection(SolutionConfigurationPlatforms) = preSolution
		Debug|Any CPU = Debug|Any CPU
		Release|Any CPU = Release|Any CPU
	EndGlobalSection
	GlobalSection(ProjectConfigurationPlatforms) = postSolution
		{776842A7-04D5-432F-A6C6-DA3156689CCC}.Debug|Any CPU.ActiveCfg = Debug|Any CPU
		{776842A7-04D5-432F-A6C6-DA3156689CCC}.Debug|Any CPU.Build.0 = Debug|Any CPU
		{776842A7-04D5-432F-A6C6-DA3156689CCC}.Release|Any CPU.ActiveCfg = Release|Any CPU
		{776842A7-04D5-432F-A6C6-DA3156689CCC}.Release|Any CPU.Build.0 = Release|Any CPU
	EndGlobalSection
	GlobalSection(SolutionProperties) = preSolution
		HideSolutionNode = FALSE
	EndGlobalSection
	GlobalSection(ExtensibilityGlobals) = postSolution
		SolutionGuid = {E8062A5A-F54B-4B23-8102-943A6DA716C6}
	EndGlobalSection
EndGlobal
